// !$*UTF8*$!
{
	archiveVersion = 1;
	classes = {
	};
	objectVersion = 50;
	objects = {

/* Begin PBXBuildFile section */
		ECF95F4420A17AE300923FFF /* AppDelegate.swift in Sources */ = {isa = PBXBuildFile; fileRef = ECF95F4320A17AE300923FFF /* AppDelegate.swift */; };
		ECF95F4620A17AE300923FFF /* ViewController.swift in Sources */ = {isa = PBXBuildFile; fileRef = ECF95F4520A17AE300923FFF /* ViewController.swift */; };
		ECF95F4920A17AE300923FFF /* Main.storyboard in Resources */ = {isa = PBXBuildFile; fileRef = ECF95F4720A17AE300923FFF /* Main.storyboard */; };
		ECF95F4C20A17AE300923FFF /* planburger.xcdatamodeld in Sources */ = {isa = PBXBuildFile; fileRef = ECF95F4A20A17AE300923FFF /* planburger.xcdatamodeld */; };
		ECF95F4E20A17AE300923FFF /* Assets.xcassets in Resources */ = {isa = PBXBuildFile; fileRef = ECF95F4D20A17AE300923FFF /* Assets.xcassets */; };
		ECF95F5120A17AE300923FFF /* LaunchScreen.storyboard in Resources */ = {isa = PBXBuildFile; fileRef = ECF95F4F20A17AE300923FFF /* LaunchScreen.storyboard */; };
		ECF95F5A20A1812000923FFF /* libsqlite3.tbd in Frameworks */ = {isa = PBXBuildFile; fileRef = ECF95F5920A1812000923FFF /* libsqlite3.tbd */; };
		ECF95F6920A1833200923FFF /* FMDatabaseQueue.m in Sources */ = {isa = PBXBuildFile; fileRef = ECF95F5F20A1833200923FFF /* FMDatabaseQueue.m */; };
		ECF95F6A20A1833200923FFF /* FMResultSet.m in Sources */ = {isa = PBXBuildFile; fileRef = ECF95F6020A1833200923FFF /* FMResultSet.m */; };
		ECF95F6B20A1833200923FFF /* FMDatabase.m in Sources */ = {isa = PBXBuildFile; fileRef = ECF95F6220A1833200923FFF /* FMDatabase.m */; };
		ECF95F6C20A1833200923FFF /* FMDatabaseAdditions.m in Sources */ = {isa = PBXBuildFile; fileRef = ECF95F6620A1833200923FFF /* FMDatabaseAdditions.m */; };
		ECF95F6D20A1833200923FFF /* FMDatabasePool.m in Sources */ = {isa = PBXBuildFile; fileRef = ECF95F6820A1833200923FFF /* FMDatabasePool.m */; };
/* End PBXBuildFile section */

/* Begin PBXFileReference section */
		ECF95F4020A17AE300923FFF /* planburger.app */ = {isa = PBXFileReference; explicitFileType = wrapper.application; includeInIndex = 0; path = planburger.app; sourceTree = BUILT_PRODUCTS_DIR; };
		ECF95F4320A17AE300923FFF /* AppDelegate.swift */ = {isa = PBXFileReference; lastKnownFileType = sourcecode.swift; path = AppDelegate.swift; sourceTree = "<group>"; };
		ECF95F4520A17AE300923FFF /* ViewController.swift */ = {isa = PBXFileReference; lastKnownFileType = sourcecode.swift; path = ViewController.swift; sourceTree = "<group>"; };
		ECF95F4820A17AE300923FFF /* Base */ = {isa = PBXFileReference; lastKnownFileType = file.storyboard; name = Base; path = Base.lproj/Main.storyboard; sourceTree = "<group>"; };
		ECF95F4B20A17AE300923FFF /* planburger.xcdatamodel */ = {isa = PBXFileReference; lastKnownFileType = wrapper.xcdatamodel; path = planburger.xcdatamodel; sourceTree = "<group>"; };
		ECF95F4D20A17AE300923FFF /* Assets.xcassets */ = {isa = PBXFileReference; lastKnownFileType = folder.assetcatalog; path = Assets.xcassets; sourceTree = "<group>"; };
		ECF95F5020A17AE300923FFF /* Base */ = {isa = PBXFileReference; lastKnownFileType = file.storyboard; name = Base; path = Base.lproj/LaunchScreen.storyboard; sourceTree = "<group>"; };
		ECF95F5220A17AE300923FFF /* Info.plist */ = {isa = PBXFileReference; lastKnownFileType = text.plist.xml; path = Info.plist; sourceTree = "<group>"; };
		ECF95F5920A1812000923FFF /* libsqlite3.tbd */ = {isa = PBXFileReference; lastKnownFileType = "sourcecode.text-based-dylib-definition"; name = libsqlite3.tbd; path = usr/lib/libsqlite3.tbd; sourceTree = SDKROOT; };
		ECF95F5B20A182B200923FFF /* Bridging-Header.h */ = {isa = PBXFileReference; lastKnownFileType = sourcecode.c.h; path = "Bridging-Header.h"; sourceTree = "<group>"; };
		ECF95F5E20A1833200923FFF /* FMDB.h */ = {isa = PBXFileReference; fileEncoding = 4; lastKnownFileType = sourcecode.c.h; path = FMDB.h; sourceTree = "<group>"; };
		ECF95F5F20A1833200923FFF /* FMDatabaseQueue.m */ = {isa = PBXFileReference; fileEncoding = 4; lastKnownFileType = sourcecode.c.objc; path = FMDatabaseQueue.m; sourceTree = "<group>"; };
		ECF95F6020A1833200923FFF /* FMResultSet.m */ = {isa = PBXFileReference; fileEncoding = 4; lastKnownFileType = sourcecode.c.objc; path = FMResultSet.m; sourceTree = "<group>"; };
		ECF95F6120A1833200923FFF /* FMDatabaseAdditions.h */ = {isa = PBXFileReference; fileEncoding = 4; lastKnownFileType = sourcecode.c.h; path = FMDatabaseAdditions.h; sourceTree = "<group>"; };
		ECF95F6220A1833200923FFF /* FMDatabase.m */ = {isa = PBXFileReference; fileEncoding = 4; lastKnownFileType = sourcecode.c.objc; path = FMDatabase.m; sourceTree = "<group>"; };
		ECF95F6320A1833200923FFF /* FMDatabasePool.h */ = {isa = PBXFileReference; fileEncoding = 4; lastKnownFileType = sourcecode.c.h; path = FMDatabasePool.h; sourceTree = "<group>"; };
		ECF95F6420A1833200923FFF /* FMResultSet.h */ = {isa = PBXFileReference; fileEncoding = 4; lastKnownFileType = sourcecode.c.h; path = FMResultSet.h; sourceTree = "<group>"; };
		ECF95F6520A1833200923FFF /* FMDatabase.h */ = {isa = PBXFileReference; fileEncoding = 4; lastKnownFileType = sourcecode.c.h; path = FMDatabase.h; sourceTree = "<group>"; };
		ECF95F6620A1833200923FFF /* FMDatabaseAdditions.m */ = {isa = PBXFileReference; fileEncoding = 4; lastKnownFileType = sourcecode.c.objc; path = FMDatabaseAdditions.m; sourceTree = "<group>"; };
		ECF95F6720A1833200923FFF /* FMDatabaseQueue.h */ = {isa = PBXFileReference; fileEncoding = 4; lastKnownFileType = sourcecode.c.h; path = FMDatabaseQueue.h; sourceTree = "<group>"; };
		ECF95F6820A1833200923FFF /* FMDatabasePool.m */ = {isa = PBXFileReference; fileEncoding = 4; lastKnownFileType = sourcecode.c.objc; path = FMDatabasePool.m; sourceTree = "<group>"; };
/* End PBXFileReference section */

/* Begin PBXFrameworksBuildPhase section */
		ECF95F3D20A17AE300923FFF /* Frameworks */ = {
			isa = PBXFrameworksBuildPhase;
			buildActionMask = 2147483647;
			files = (
				ECF95F5A20A1812000923FFF /* libsqlite3.tbd in Frameworks */,
			);
			runOnlyForDeploymentPostprocessing = 0;
		};
/* End PBXFrameworksBuildPhase section */

/* Begin PBXGroup section */
		ECF95F3720A17AE300923FFF = {
			isa = PBXGroup;
			children = (
				ECF95F5C20A1830900923FFF /* ThirdParty */,
				ECF95F4220A17AE300923FFF /* planburger */,
				ECF95F4120A17AE300923FFF /* Products */,
				ECF95F5820A1812000923FFF /* Frameworks */,
			);
			sourceTree = "<group>";
		};
		ECF95F4120A17AE300923FFF /* Products */ = {
			isa = PBXGroup;
			children = (
				ECF95F4020A17AE300923FFF /* planburger.app */,
			);
			name = Products;
			sourceTree = "<group>";
		};
		ECF95F4220A17AE300923FFF /* planburger */ = {
			isa = PBXGroup;
			children = (
				ECF95F4320A17AE300923FFF /* AppDelegate.swift */,
				ECF95F4520A17AE300923FFF /* ViewController.swift */,
				ECF95F4720A17AE300923FFF /* Main.storyboard */,
				ECF95F4D20A17AE300923FFF /* Assets.xcassets */,
				ECF95F4F20A17AE300923FFF /* LaunchScreen.storyboard */,
				ECF95F5220A17AE300923FFF /* Info.plist */,
				ECF95F4A20A17AE300923FFF /* planburger.xcdatamodeld */,
				ECF95F5B20A182B200923FFF /* Bridging-Header.h */,
			);
			path = planburger;
			sourceTree = "<group>";
		};
		ECF95F5820A1812000923FFF /* Frameworks */ = {
			isa = PBXGroup;
			children = (
				ECF95F5920A1812000923FFF /* libsqlite3.tbd */,
			);
			name = Frameworks;
			sourceTree = "<group>";
		};
		ECF95F5C20A1830900923FFF /* ThirdParty */ = {
			isa = PBXGroup;
			children = (
				ECF95F5D20A1831D00923FFF /* fmdb */,
			);
			path = ThirdParty;
			sourceTree = "<group>";
		};
		ECF95F5D20A1831D00923FFF /* fmdb */ = {
			isa = PBXGroup;
			children = (
				ECF95F6520A1833200923FFF /* FMDatabase.h */,
				ECF95F6220A1833200923FFF /* FMDatabase.m */,
				ECF95F6120A1833200923FFF /* FMDatabaseAdditions.h */,
				ECF95F6620A1833200923FFF /* FMDatabaseAdditions.m */,
				ECF95F6320A1833200923FFF /* FMDatabasePool.h */,
				ECF95F6820A1833200923FFF /* FMDatabasePool.m */,
				ECF95F6720A1833200923FFF /* FMDatabaseQueue.h */,
				ECF95F5F20A1833200923FFF /* FMDatabaseQueue.m */,
				ECF95F5E20A1833200923FFF /* FMDB.h */,
				ECF95F6420A1833200923FFF /* FMResultSet.h */,
				ECF95F6020A1833200923FFF /* FMResultSet.m */,
			);
			path = fmdb;
			sourceTree = "<group>";
		};
/* End PBXGroup section */

/* Begin PBXNativeTarget section */
		ECF95F3F20A17AE300923FFF /* planburger */ = {
			isa = PBXNativeTarget;
			buildConfigurationList = ECF95F5520A17AE300923FFF /* Build configuration list for PBXNativeTarget "planburger" */;
			buildPhases = (
				ECF95F3C20A17AE300923FFF /* Sources */,
				ECF95F3D20A17AE300923FFF /* Frameworks */,
				ECF95F3E20A17AE300923FFF /* Resources */,
			);
			buildRules = (
			);
			dependencies = (
			);
			name = planburger;
			productName = planburger;
			productReference = ECF95F4020A17AE300923FFF /* planburger.app */;
			productType = "com.apple.product-type.application";
		};
/* End PBXNativeTarget section */

/* Begin PBXProject section */
		ECF95F3820A17AE300923FFF /* Project object */ = {
			isa = PBXProject;
			attributes = {
				LastSwiftUpdateCheck = 0930;
				LastUpgradeCheck = 0930;
				ORGANIZATIONNAME = hafen;
				TargetAttributes = {
					ECF95F3F20A17AE300923FFF = {
						CreatedOnToolsVersion = 9.3;
					};
				};
			};
			buildConfigurationList = ECF95F3B20A17AE300923FFF /* Build configuration list for PBXProject "planburger" */;
			compatibilityVersion = "Xcode 9.3";
			developmentRegion = en;
			hasScannedForEncodings = 0;
			knownRegions = (
				en,
				Base,
			);
			mainGroup = ECF95F3720A17AE300923FFF;
			productRefGroup = ECF95F4120A17AE300923FFF /* Products */;
			projectDirPath = "";
			projectRoot = "";
			targets = (
				ECF95F3F20A17AE300923FFF /* planburger */,
			);
		};
/* End PBXProject section */

/* Begin PBXResourcesBuildPhase section */
		ECF95F3E20A17AE300923FFF /* Resources */ = {
			isa = PBXResourcesBuildPhase;
			buildActionMask = 2147483647;
			files = (
				ECF95F5120A17AE300923FFF /* LaunchScreen.storyboard in Resources */,
				ECF95F4E20A17AE300923FFF /* Assets.xcassets in Resources */,
				ECF95F4920A17AE300923FFF /* Main.storyboard in Resources */,
			);
			runOnlyForDeploymentPostprocessing = 0;
		};
/* End PBXResourcesBuildPhase section */

/* Begin PBXSourcesBuildPhase section */
		ECF95F3C20A17AE300923FFF /* Sources */ = {
			isa = PBXSourcesBuildPhase;
			buildActionMask = 2147483647;
			files = (
				ECF95F4C20A17AE300923FFF /* planburger.xcdatamodeld in Sources */,
				ECF95F6920A1833200923FFF /* FMDatabaseQueue.m in Sources */,
				ECF95F4620A17AE300923FFF /* ViewController.swift in Sources */,
				ECF95F6B20A1833200923FFF /* FMDatabase.m in Sources */,
				ECF95F4420A17AE300923FFF /* AppDelegate.swift in Sources */,
				ECF95F6D20A1833200923FFF /* FMDatabasePool.m in Sources */,
				ECF95F6C20A1833200923FFF /* FMDatabaseAdditions.m in Sources */,
				ECF95F6A20A1833200923FFF /* FMResultSet.m in Sources */,
			);
			runOnlyForDeploymentPostprocessing = 0;
		};
/* End PBXSourcesBuildPhase section */

/* Begin PBXVariantGroup section */
		ECF95F4720A17AE300923FFF /* Main.storyboard */ = {
			isa = PBXVariantGroup;
			children = (
				ECF95F4820A17AE300923FFF /* Base */,
			);
			name = Main.storyboard;
			sourceTree = "<group>";
		};
		ECF95F4F20A17AE300923FFF /* LaunchScreen.storyboard */ = {
			isa = PBXVariantGroup;
			children = (
				ECF95F5020A17AE300923FFF /* Base */,
			);
			name = LaunchScreen.storyboard;
			sourceTree = "<group>";
		};
/* End PBXVariantGroup section */

/* Begin XCBuildConfiguration section */
		ECF95F5320A17AE300923FFF /* Debug */ = {
			isa = XCBuildConfiguration;
			buildSettings = {
				ALWAYS_SEARCH_USER_PATHS = NO;
				CLANG_ANALYZER_NONNULL = YES;
				CLANG_ANALYZER_NUMBER_OBJECT_CONVERSION = YES_AGGRESSIVE;
				CLANG_CXX_LANGUAGE_STANDARD = "gnu++14";
				CLANG_CXX_LIBRARY = "libc++";
				CLANG_ENABLE_MODULES = YES;
				CLANG_ENABLE_OBJC_ARC = YES;
				CLANG_ENABLE_OBJC_WEAK = YES;
				CLANG_WARN_BLOCK_CAPTURE_AUTORELEASING = YES;
				CLANG_WARN_BOOL_CONVERSION = YES;
				CLANG_WARN_COMMA = YES;
				CLANG_WARN_CONSTANT_CONVERSION = YES;
				CLANG_WARN_DEPRECATED_OBJC_IMPLEMENTATIONS = YES;
				CLANG_WARN_DIRECT_OBJC_ISA_USAGE = YES_ERROR;
				CLANG_WARN_DOCUMENTATION_COMMENTS = YES;
				CLANG_WARN_EMPTY_BODY = YES;
				CLANG_WARN_ENUM_CONVERSION = YES;
				CLANG_WARN_INFINITE_RECURSION = YES;
				CLANG_WARN_INT_CONVERSION = YES;
				CLANG_WARN_NON_LITERAL_NULL_CONVERSION = YES;
				CLANG_WARN_OBJC_IMPLICIT_RETAIN_SELF = YES;
				CLANG_WARN_OBJC_LITERAL_CONVERSION = YES;
				CLANG_WARN_OBJC_ROOT_CLASS = YES_ERROR;
				CLANG_WARN_RANGE_LOOP_ANALYSIS = YES;
				CLANG_WARN_STRICT_PROTOTYPES = YES;
				CLANG_WARN_SUSPICIOUS_MOVE = YES;
				CLANG_WARN_UNGUARDED_AVAILABILITY = YES_AGGRESSIVE;
				CLANG_WARN_UNREACHABLE_CODE = YES;
				CLANG_WARN__DUPLICATE_METHOD_MATCH = YES;
				CODE_SIGN_IDENTITY = "iPhone Developer";
				COPY_PHASE_STRIP = NO;
				DEBUG_INFORMATION_FORMAT = dwarf;
				ENABLE_STRICT_OBJC_MSGSEND = YES;
				ENABLE_TESTABILITY = YES;
				GCC_C_LANGUAGE_STANDARD = gnu11;
				GCC_DYNAMIC_NO_PIC = NO;
				GCC_NO_COMMON_BLOCKS = YES;
				GCC_OPTIMIZATION_LEVEL = 0;
				GCC_PREPROCESSOR_DEFINITIONS = (
					"DEBUG=1",
					"$(inherited)",
				);
				GCC_WARN_64_TO_32_BIT_CONVERSION = YES;
				GCC_WARN_ABOUT_RETURN_TYPE = YES_ERROR;
				GCC_WARN_UNDECLARED_SELECTOR = YES;
				GCC_WARN_UNINITIALIZED_AUTOS = YES_AGGRESSIVE;
				GCC_WARN_UNUSED_FUNCTION = YES;
				GCC_WARN_UNUSED_VARIABLE = YES;
				IPHONEOS_DEPLOYMENT_TARGET = 11.3;
				MTL_ENABLE_DEBUG_INFO = YES;
				ONLY_ACTIVE_ARCH = YES;
				SDKROOT = iphoneos;
				SWIFT_ACTIVE_COMPILATION_CONDITIONS = DEBUG;
				SWIFT_OPTIMIZATION_LEVEL = "-Onone";
			};
			name = Debug;
		};
		ECF95F5420A17AE300923FFF /* Release */ = {
			isa = XCBuildConfiguration;
			buildSettings = {
				ALWAYS_SEARCH_USER_PATHS = NO;
				CLANG_ANALYZER_NONNULL = YES;
				CLANG_ANALYZER_NUMBER_OBJECT_CONVERSION = YES_AGGRESSIVE;
				CLANG_CXX_LANGUAGE_STANDARD = "gnu++14";
				CLANG_CXX_LIBRARY = "libc++";
				CLANG_ENABLE_MODULES = YES;
				CLANG_ENABLE_OBJC_ARC = YES;
				CLANG_ENABLE_OBJC_WEAK = YES;
				CLANG_WARN_BLOCK_CAPTURE_AUTORELEASING = YES;
				CLANG_WARN_BOOL_CONVERSION = YES;
				CLANG_WARN_COMMA = YES;
				CLANG_WARN_CONSTANT_CONVERSION = YES;
				CLANG_WARN_DEPRECATED_OBJC_IMPLEMENTATIONS = YES;
				CLANG_WARN_DIRECT_OBJC_ISA_USAGE = YES_ERROR;
				CLANG_WARN_DOCUMENTATION_COMMENTS = YES;
				CLANG_WARN_EMPTY_BODY = YES;
				CLANG_WARN_ENUM_CONVERSION = YES;
				CLANG_WARN_INFINITE_RECURSION = YES;
				CLANG_WARN_INT_CONVERSION = YES;
				CLANG_WARN_NON_LITERAL_NULL_CONVERSION = YES;
				CLANG_WARN_OBJC_IMPLICIT_RETAIN_SELF = YES;
				CLANG_WARN_OBJC_LITERAL_CONVERSION = YES;
				CLANG_WARN_OBJC_ROOT_CLASS = YES_ERROR;
				CLANG_WARN_RANGE_LOOP_ANALYSIS = YES;
				CLANG_WARN_STRICT_PROTOTYPES = YES;
				CLANG_WARN_SUSPICIOUS_MOVE = YES;
				CLANG_WARN_UNGUARDED_AVAILABILITY = YES_AGGRESSIVE;
				CLANG_WARN_UNREACHABLE_CODE = YES;
				CLANG_WARN__DUPLICATE_METHOD_MATCH = YES;
				CODE_SIGN_IDENTITY = "iPhone Developer";
				COPY_PHASE_STRIP = NO;
				DEBUG_INFORMATION_FORMAT = "dwarf-with-dsym";
				ENABLE_NS_ASSERTIONS = NO;
				ENABLE_STRICT_OBJC_MSGSEND = YES;
				GCC_C_LANGUAGE_STANDARD = gnu11;
				GCC_NO_COMMON_BLOCKS = YES;
				GCC_WARN_64_TO_32_BIT_CONVERSION = YES;
				GCC_WARN_ABOUT_RETURN_TYPE = YES_ERROR;
				GCC_WARN_UNDECLARED_SELECTOR = YES;
				GCC_WARN_UNINITIALIZED_AUTOS = YES_AGGRESSIVE;
				GCC_WARN_UNUSED_FUNCTION = YES;
				GCC_WARN_UNUSED_VARIABLE = YES;
				IPHONEOS_DEPLOYMENT_TARGET = 11.3;
				MTL_ENABLE_DEBUG_INFO = NO;
				SDKROOT = iphoneos;
				SWIFT_COMPILATION_MODE = wholemodule;
				SWIFT_OPTIMIZATION_LEVEL = "-O";
				VALIDATE_PRODUCT = YES;
			};
			name = Release;
		};
		ECF95F5620A17AE300923FFF /* Debug */ = {
			isa = XCBuildConfiguration;
			buildSettings = {
				ASSETCATALOG_COMPILER_APPICON_NAME = AppIcon;
				CODE_SIGN_STYLE = Automatic;
				DEVELOPMENT_TEAM = MM9X742J63;
				INFOPLIST_FILE = planburger/Info.plist;
				LD_RUNPATH_SEARCH_PATHS = (
					"$(inherited)",
					"@executable_path/Frameworks",
				);
				PRODUCT_BUNDLE_IDENTIFIER = kr.co.hafen.planburger;
				PRODUCT_NAME = "$(TARGET_NAME)";
				SWIFT_OBJC_BRIDGING_HEADER = "planburger/Bridging-Header.h";
				SWIFT_VERSION = 4.0;
				TARGETED_DEVICE_FAMILY = "1,2";
			};
			name = Debug;
		};
		ECF95F5720A17AE300923FFF /* Release */ = {
			isa = XCBuildConfiguration;
			buildSettings = {
				ASSETCATALOG_COMPILER_APPICON_NAME = AppIcon;
				CODE_SIGN_STYLE = Automatic;
				DEVELOPMENT_TEAM = MM9X742J63;
				INFOPLIST_FILE = planburger/Info.plist;
				LD_RUNPATH_SEARCH_PATHS = (
					"$(inherited)",
					"@executable_path/Frameworks",
				);
				PRODUCT_BUNDLE_IDENTIFIER = kr.co.hafen.planburger;
				PRODUCT_NAME = "$(TARGET_NAME)";
				SWIFT_OBJC_BRIDGING_HEADER = "planburger/Bridging-Header.h";
				SWIFT_VERSION = 4.0;
				TARGETED_DEVICE_FAMILY = "1,2";
			};
			name = Release;
		};
/* End XCBuildConfiguration section */

/* Begin XCConfigurationList section */
		ECF95F3B20A17AE300923FFF /* Build configuration list for PBXProject "planburger" */ = {
			isa = XCConfigurationList;
			buildConfigurations = (
				ECF95F5320A17AE300923FFF /* Debug */,
				ECF95F5420A17AE300923FFF /* Release */,
			);
			defaultConfigurationIsVisible = 0;
			defaultConfigurationName = Release;
		};
		ECF95F5520A17AE300923FFF /* Build configuration list for PBXNativeTarget "planburger" */ = {
			isa = XCConfigurationList;
			buildConfigurations = (
				ECF95F5620A17AE300923FFF /* Debug */,
				ECF95F5720A17AE300923FFF /* Release */,
			);
			defaultConfigurationIsVisible = 0;
			defaultConfigurationName = Release;
		};
/* End XCConfigurationList section */

/* Begin XCVersionGroup section */
		ECF95F4A20A17AE300923FFF /* planburger.xcdatamodeld */ = {
			isa = XCVersionGroup;
			children = (
				ECF95F4B20A17AE300923FFF /* planburger.xcdatamodel */,
			);
			currentVersion = ECF95F4B20A17AE300923FFF /* planburger.xcdatamodel */;
			path = planburger.xcdatamodeld;
			sourceTree = "<group>";
			versionGroupType = wrapper.xcdatamodel;
		};
/* End XCVersionGroup section */
	};
	rootObject = ECF95F3820A17AE300923FFF /* Project object */;
}
